
Microsoft Visual Studio Solution File, Format Version 11.00
# Visual Studio 2010
Project("{FAE04EC0-301F-11D3-BF4B-00C04F79EFBC}") = "Assembly-CSharp", "Assembly-CSharp.csproj", "{B53A5377-7BF0-F376-2BB3-D1B5FBD40940}"
EndProject
Project("{FAE04EC0-301F-11D3-BF4B-00C04F79EFBC}") = "Assembly-CSharp-Editor", "Assembly-CSharp-Editor.csproj", "{279CF5B1-FA96-A69C-7D15-5D2A1C94EAEF}"
EndProject
Global
	GlobalSection(SolutionConfigurationPlatforms) = preSolution
		Debug|Any CPU = Debug|Any CPU
		Release|Any CPU = Release|Any CPU
	EndGlobalSection
	GlobalSection(ProjectConfigurationPlatforms) = postSolution
		{B53A5377-7BF0-F376-2BB3-D1B5FBD40940}.Debug|Any CPU.ActiveCfg = Debug|Any CPU
		{B53A5377-7BF0-F376-2BB3-D1B5FBD40940}.Debug|Any CPU.Build.0 = Debug|Any CPU
		{B53A5377-7BF0-F376-2BB3-D1B5FBD40940}.Release|Any CPU.ActiveCfg = Release|Any CPU
		{B53A5377-7BF0-F376-2BB3-D1B5FBD40940}.Release|Any CPU.Build.0 = Release|Any CPU
		{279CF5B1-FA96-A69C-7D15-5D2A1C94EAEF}.Debug|Any CPU.ActiveCfg = Debug|Any CPU
		{279CF5B1-FA96-A69C-7D15-5D2A1C94EAEF}.Debug|Any CPU.Build.0 = Debug|Any CPU
		{279CF5B1-FA96-A69C-7D15-5D2A1C94EAEF}.Release|Any CPU.ActiveCfg = Release|Any CPU
		{279CF5B1-FA96-A69C-7D15-5D2A1C94EAEF}.Release|Any CPU.Build.0 = Release|Any CPU
	EndGlobalSection
	GlobalSection(SolutionProperties) = preSolution
		HideSolutionNode = FALSE
	EndGlobalSection
EndGlobal
